
Microsoft Visual Studio Solution File, Format Version 12.00
# Visual Studio 2012
Project("{FAE04EC0-301F-11D3-BF4B-00C04F79EFBC}") = "CW2", "CW2\CW2.csproj", "{6AAB5E71-43B3-45E4-9881-17D1D439660E}"
EndProject
Project("{FAE04EC0-301F-11D3-BF4B-00C04F79EFBC}") = "Lib", "Lib\Lib.csproj", "{467BCAAF-6FCC-4C51-9CE5-9FE49F796E70}"
EndProject
Global
	GlobalSection(SolutionConfigurationPlatforms) = preSolution
		Debug|Any CPU = Debug|Any CPU
		Release|Any CPU = Release|Any CPU
	EndGlobalSection
	GlobalSection(ProjectConfigurationPlatforms) = postSolution
		{6AAB5E71-43B3-45E4-9881-17D1D439660E}.Debug|Any CPU.ActiveCfg = Debug|Any CPU
		{6AAB5E71-43B3-45E4-9881-17D1D439660E}.Debug|Any CPU.Build.0 = Debug|Any CPU
		{6AAB5E71-43B3-45E4-9881-17D1D439660E}.Release|Any CPU.ActiveCfg = Release|Any CPU
		{6AAB5E71-43B3-45E4-9881-17D1D439660E}.Release|Any CPU.Build.0 = Release|Any CPU
		{467BCAAF-6FCC-4C51-9CE5-9FE49F796E70}.Debug|Any CPU.ActiveCfg = Debug|Any CPU
		{467BCAAF-6FCC-4C51-9CE5-9FE49F796E70}.Debug|Any CPU.Build.0 = Debug|Any CPU
		{467BCAAF-6FCC-4C51-9CE5-9FE49F796E70}.Release|Any CPU.ActiveCfg = Release|Any CPU
		{467BCAAF-6FCC-4C51-9CE5-9FE49F796E70}.Release|Any CPU.Build.0 = Release|Any CPU
	EndGlobalSection
	GlobalSection(SolutionProperties) = preSolution
		HideSolutionNode = FALSE
	EndGlobalSection
	GlobalSection(Performance) = preSolution
		HasPerformanceSessions = true
	EndGlobalSection
EndGlobal
